schema: '2.0'
stages:
  load_data:
    cmd: python src/stage_01_load_and_save.py --config=params.yaml
    deps:
    - path: src/stage_01_load_and_save.py
      md5: c3c004cd72d3211c978e9c825e7dca43
      size: 1012
    - path: src/utils/common_utils.py
      md5: ca985f5447e7329b8af7a020c3c81dcc
      size: 803
    params:
      params.yaml:
        artifacts.raw_local_data: artifacts/raw_local_data_dir/data.csv
        data_source.s3_source: C:/Users/kiran.gangadhar/Downloads/archive/winequality-red.csv
    outs:
    - path: artifacts/raw_local_data_dir/data.csv
      md5: b81c95040ccc1f04820095a237ba3c61
      size: 95085
  split_data:
    cmd: python src/stage_02_split_data.py --config=params.yaml
    deps:
    - path: artifacts/raw_local_data_dir/data.csv
      md5: b81c95040ccc1f04820095a237ba3c61
      size: 95085
    - path: src/stage_02_split_data.py
      md5: 2b9aa7fba14efe8c1f7c35407b374652
      size: 1495
    - path: src/utils/common_utils.py
      md5: ca985f5447e7329b8af7a020c3c81dcc
      size: 803
    params:
      params.yaml:
        artifacts.raw_local_data: artifacts/raw_local_data_dir/data.csv
        artifacts.split_data.processed_data_dir: artifacts/processed_data
        artifacts.split_data.test_path: artifacts/processed_data/test.csv
        artifacts.split_data.train_path: artifacts/processed_data/train.csv
        base.random_state: 42
        base.test_size: 0.2
    outs:
    - path: artifacts/processed_data/test.csv
      md5: 420389d6fcceeb7da1311c6b14af875f
      size: 19157
    - path: artifacts/processed_data/train.csv
      md5: eb194c439f11a763691ae2f66e305d74
      size: 76075
